// !$*UTF8*$!
{
	archiveVersion = 1;
	classes = {
	};
	objectVersion = 46;
	objects = {

/* Begin PBXBuildFile section */
		1F9533E91CC1E017006B3073 /* main.m in Sources */ = {isa = PBXBuildFile; fileRef = 1F9533E81CC1E017006B3073 /* main.m */; };
		1F9533F11CC1E074006B3073 /* NSString+EndWith.m in Sources */ = {isa = PBXBuildFile; fileRef = 1F9533F01CC1E074006B3073 /* NSString+EndWith.m */; };
/* End PBXBuildFile section */

/* Begin PBXCopyFilesBuildPhase section */
		1F9533E31CC1E017006B3073 /* CopyFiles */ = {
			isa = PBXCopyFilesBuildPhase;
			buildActionMask = 2147483647;
			dstPath = /usr/share/man/man1/;
			dstSubfolderSpec = 0;
			files = (
			);
			runOnlyForDeploymentPostprocessing = 1;
		};
/* End PBXCopyFilesBuildPhase section */

/* Begin PBXFileReference section */
		1F9533E51CC1E017006B3073 /* OCCategory */ = {isa = PBXFileReference; explicitFileType = "compiled.mach-o.executable"; includeInIndex = 0; path = OCCategory; sourceTree = BUILT_PRODUCTS_DIR; };
		1F9533E81CC1E017006B3073 /* main.m */ = {isa = PBXFileReference; lastKnownFileType = sourcecode.c.objc; path = main.m; sourceTree = "<group>"; };
		1F9533EF1CC1E074006B3073 /* NSString+EndWith.h */ = {isa = PBXFileReference; fileEncoding = 4; lastKnownFileType = sourcecode.c.h; path = "NSString+EndWith.h"; sourceTree = "<group>"; };
		1F9533F01CC1E074006B3073 /* NSString+EndWith.m */ = {isa = PBXFileReference; fileEncoding = 4; lastKnownFileType = sourcecode.c.objc; path = "NSString+EndWith.m"; sourceTree = "<group>"; };
/* End PBXFileReference section */

/* Begin PBXFrameworksBuildPhase section */
		1F9533E21CC1E017006B3073 /* Frameworks */ = {
			isa = PBXFrameworksBuildPhase;
			buildActionMask = 2147483647;
			files = (
			);
			runOnlyForDeploymentPostprocessing = 0;
		};
/* End PBXFrameworksBuildPhase section */

/* Begin PBXGroup section */
		1F9533DC1CC1E017006B3073 = {
			isa = PBXGroup;
			children = (
				1F9533E71CC1E017006B3073 /* OCCategory */,
				1F9533E61CC1E017006B3073 /* Products */,
			);
			sourceTree = "<group>";
		};
		1F9533E61CC1E017006B3073 /* Products */ = {
			isa = PBXGroup;
			children = (
				1F9533E51CC1E017006B3073 /* OCCategory */,
			);
			name = Products;
			sourceTree = "<group>";
		};
		1F9533E71CC1E017006B3073 /* OCCategory */ = {
			isa = PBXGroup;
			children = (
				1F9533E81CC1E017006B3073 /* main.m */,
				1F9533EF1CC1E074006B3073 /* NSString+EndWith.h */,
				1F9533F01CC1E074006B3073 /* NSString+EndWith.m */,
			);
			path = OCCategory;
			sourceTree = "<group>";
		};
/* End PBXGroup section */

/* Begin PBXNativeTarget section */
		1F9533E41CC1E017006B3073 /* OCCategory */ = {
			isa = PBXNativeTarget;
			buildConfigurationList = 1F9533EC1CC1E017006B3073 /* Build configuration list for PBXNativeTarget "OCCategory" */;
			buildPhases = (
				1F9533E11CC1E017006B3073 /* Sources */,
				1F9533E21CC1E017006B3073 /* Frameworks */,
				1F9533E31CC1E017006B3073 /* CopyFiles */,
			);
			buildRules = (
			);
			dependencies = (
			);
			name = OCCategory;
			productName = OCCategory;
			productReference = 1F9533E51CC1E017006B3073 /* OCCategory */;
			productType = "com.apple.product-type.tool";
		};
/* End PBXNativeTarget section */

/* Begin PBXProject section */
		1F9533DD1CC1E017006B3073 /* Project object */ = {
			isa = PBXProject;
			attributes = {
				LastUpgradeCheck = 0720;
				ORGANIZATIONNAME = "张皓";
				TargetAttributes = {
					1F9533E41CC1E017006B3073 = {
						CreatedOnToolsVersion = 7.2;
					};
				};
			};
			buildConfigurationList = 1F9533E01CC1E017006B3073 /* Build configuration list for PBXProject "OCCategory" */;
			compatibilityVersion = "Xcode 3.2";
			developmentRegion = English;
			hasScannedForEncodings = 0;
			knownRegions = (
				en,
			);
			mainGroup = 1F9533DC1CC1E017006B3073;
			productRefGroup = 1F9533E61CC1E017006B3073 /* Products */;
			projectDirPath = "";
			projectRoot = "";
			targets = (
				1F9533E41CC1E017006B3073 /* OCCategory */,
			);
		};
/* End PBXProject section */

/* Begin PBXSourcesBuildPhase section */
		1F9533E11CC1E017006B3073 /* Sources */ = {
			isa = PBXSourcesBuildPhase;
			buildActionMask = 2147483647;
			files = (
				1F9533E91CC1E017006B3073 /* main.m in Sources */,
				1F9533F11CC1E074006B3073 /* NSString+EndWith.m in Sources */,
			);
			runOnlyForDeploymentPostprocessing = 0;
		};
/* End PBXSourcesBuildPhase section */

/* Begin XCBuildConfiguration section */
		1F9533EA1CC1E017006B3073 /* Debug */ = {
			isa = XCBuildConfiguration;
			buildSettings = {
				ALWAYS_SEARCH_USER_PATHS = NO;
				CLANG_CXX_LANGUAGE_STANDARD = "gnu++0x";
				CLANG_CXX_LIBRARY = "libc++";
				CLANG_ENABLE_MODULES = YES;
				CLANG_ENABLE_OBJC_ARC = YES;
				CLANG_WARN_BOOL_CONVERSION = YES;
				CLANG_WARN_CONSTANT_CONVERSION = YES;
				CLANG_WARN_DIRECT_OBJC_ISA_USAGE = YES_ERROR;
				CLANG_WARN_EMPTY_BODY = YES;
				CLANG_WARN_ENUM_CONVERSION = YES;
				CLANG_WARN_INT_CONVERSION = YES;
				CLANG_WARN_OBJC_ROOT_CLASS = YES_ERROR;
				CLANG_WARN_UNREACHABLE_CODE = YES;
				CLANG_WARN__DUPLICATE_METHOD_MATCH = YES;
				CODE_SIGN_IDENTITY = "-";
				COPY_PHASE_STRIP = NO;
				DEBUG_INFORMATION_FORMAT = dwarf;
				ENABLE_STRICT_OBJC_MSGSEND = YES;
				ENABLE_TESTABILITY = YES;
				GCC_C_LANGUAGE_STANDARD = gnu99;
				GCC_DYNAMIC_NO_PIC = NO;
				GCC_NO_COMMON_BLOCKS = YES;
				GCC_OPTIMIZATION_LEVEL = 0;
				GCC_PREPROCESSOR_DEFINITIONS = (
					"DEBUG=1",
					"$(inherited)",
				);
				GCC_WARN_64_TO_32_BIT_CONVERSION = YES;
				GCC_WARN_ABOUT_RETURN_TYPE = YES_ERROR;
				GCC_WARN_UNDECLARED_SELECTOR = YES;
				GCC_WARN_UNINITIALIZED_AUTOS = YES_AGGRESSIVE;
				GCC_WARN_UNUSED_FUNCTION = YES;
				GCC_WARN_UNUSED_VARIABLE = YES;
				MACOSX_DEPLOYMENT_TARGET = 10.11;
				MTL_ENABLE_DEBUG_INFO = YES;
				ONLY_ACTIVE_ARCH = YES;
				SDKROOT = macosx;
			};
			name = Debug;
		};
		1F9533EB1CC1E017006B3073 /* Release */ = {
			isa = XCBuildConfiguration;
			buildSettings = {
				ALWAYS_SEARCH_USER_PATHS = NO;
				CLANG_CXX_LANGUAGE_STANDARD = "gnu++0x";
				CLANG_CXX_LIBRARY = "libc++";
				CLANG_ENABLE_MODULES = YES;
				CLANG_ENABLE_OBJC_ARC = YES;
				CLANG_WARN_BOOL_CONVERSION = YES;
				CLANG_WARN_CONSTANT_CONVERSION = YES;
				CLANG_WARN_DIRECT_OBJC_ISA_USAGE = YES_ERROR;
				CLANG_WARN_EMPTY_BODY = YES;
				CLANG_WARN_ENUM_CONVERSION = YES;
				CLANG_WARN_INT_CONVERSION = YES;
				CLANG_WARN_OBJC_ROOT_CLASS = YES_ERROR;
				CLANG_WARN_UNREACHABLE_CODE = YES;
				CLANG_WARN__DUPLICATE_METHOD_MATCH = YES;
				CODE_SIGN_IDENTITY = "-";
				COPY_PHASE_STRIP = NO;
				DEBUG_INFORMATION_FORMAT = "dwarf-with-dsym";
				ENABLE_NS_ASSERTIONS = NO;
				ENABLE_STRICT_OBJC_MSGSEND = YES;
				GCC_C_LANGUAGE_STANDARD = gnu99;
				GCC_NO_COMMON_BLOCKS = YES;
				GCC_WARN_64_TO_32_BIT_CONVERSION = YES;
				GCC_WARN_ABOUT_RETURN_TYPE = YES_ERROR;
				GCC_WARN_UNDECLARED_SELECTOR = YES;
				GCC_WARN_UNINITIALIZED_AUTOS = YES_AGGRESSIVE;
				GCC_WARN_UNUSED_FUNCTION = YES;
				GCC_WARN_UNUSED_VARIABLE = YES;
				MACOSX_DEPLOYMENT_TARGET = 10.11;
				MTL_ENABLE_DEBUG_INFO = NO;
				SDKROOT = macosx;
			};
			name = Release;
		};
		1F9533ED1CC1E017006B3073 /* Debug */ = {
			isa = XCBuildConfiguration;
			buildSettings = {
				PRODUCT_NAME = "$(TARGET_NAME)";
			};
			name = Debug;
		};
		1F9533EE1CC1E017006B3073 /* Release */ = {
			isa = XCBuildConfiguration;
			buildSettings = {
				PRODUCT_NAME = "$(TARGET_NAME)";
			};
			name = Release;
		};
/* End XCBuildConfiguration section */

/* Begin XCConfigurationList section */
		1F9533E01CC1E017006B3073 /* Build configuration list for PBXProject "OCCategory" */ = {
			isa = XCConfigurationList;
			buildConfigurations = (
				1F9533EA1CC1E017006B3073 /* Debug */,
				1F9533EB1CC1E017006B3073 /* Release */,
			);
			defaultConfigurationIsVisible = 0;
			defaultConfigurationName = Release;
		};
		1F9533EC1CC1E017006B3073 /* Build configuration list for PBXNativeTarget "OCCategory" */ = {
			isa = XCConfigurationList;
			buildConfigurations = (
				1F9533ED1CC1E017006B3073 /* Debug */,
				1F9533EE1CC1E017006B3073 /* Release */,
			);
			defaultConfigurationIsVisible = 0;
		};
/* End XCConfigurationList section */
	};
	rootObject = 1F9533DD1CC1E017006B3073 /* Project object */;
}
