// !$*UTF8*$!
{
	archiveVersion = 1;
	classes = {
	};
	objectVersion = 46;
	objects = {

/* Begin PBXBuildFile section */
		1FA836CF1CA2B4260064A7A5 /* AppDelegate.swift in Sources */ = {isa = PBXBuildFile; fileRef = 1FA836CE1CA2B4260064A7A5 /* AppDelegate.swift */; };
		1FA836D11CA2B4260064A7A5 /* ViewController.swift in Sources */ = {isa = PBXBuildFile; fileRef = 1FA836D01CA2B4260064A7A5 /* ViewController.swift */; };
		1FA836D41CA2B4260064A7A5 /* Main.storyboard in Resources */ = {isa = PBXBuildFile; fileRef = 1FA836D21CA2B4260064A7A5 /* Main.storyboard */; };
		1FA836D61CA2B4260064A7A5 /* Assets.xcassets in Resources */ = {isa = PBXBuildFile; fileRef = 1FA836D51CA2B4260064A7A5 /* Assets.xcassets */; };
		1FA836D91CA2B4260064A7A5 /* LaunchScreen.storyboard in Resources */ = {isa = PBXBuildFile; fileRef = 1FA836D71CA2B4260064A7A5 /* LaunchScreen.storyboard */; };
		1FA836E41CA2B4260064A7A5 /* Follow_MeTests.swift in Sources */ = {isa = PBXBuildFile; fileRef = 1FA836E31CA2B4260064A7A5 /* Follow_MeTests.swift */; };
		1FA836EF1CA2B4260064A7A5 /* Follow_MeUITests.swift in Sources */ = {isa = PBXBuildFile; fileRef = 1FA836EE1CA2B4260064A7A5 /* Follow_MeUITests.swift */; };
/* End PBXBuildFile section */

/* Begin PBXContainerItemProxy section */
		1FA836E01CA2B4260064A7A5 /* PBXContainerItemProxy */ = {
			isa = PBXContainerItemProxy;
			containerPortal = 1FA836C31CA2B4260064A7A5 /* Project object */;
			proxyType = 1;
			remoteGlobalIDString = 1FA836CA1CA2B4260064A7A5;
			remoteInfo = "Follow Me";
		};
		1FA836EB1CA2B4260064A7A5 /* PBXContainerItemProxy */ = {
			isa = PBXContainerItemProxy;
			containerPortal = 1FA836C31CA2B4260064A7A5 /* Project object */;
			proxyType = 1;
			remoteGlobalIDString = 1FA836CA1CA2B4260064A7A5;
			remoteInfo = "Follow Me";
		};
/* End PBXContainerItemProxy section */

/* Begin PBXFileReference section */
		1FA836CB1CA2B4260064A7A5 /* Follow Me.app */ = {isa = PBXFileReference; explicitFileType = wrapper.application; includeInIndex = 0; path = "Follow Me.app"; sourceTree = BUILT_PRODUCTS_DIR; };
		1FA836CE1CA2B4260064A7A5 /* AppDelegate.swift */ = {isa = PBXFileReference; lastKnownFileType = sourcecode.swift; path = AppDelegate.swift; sourceTree = "<group>"; };
		1FA836D01CA2B4260064A7A5 /* ViewController.swift */ = {isa = PBXFileReference; lastKnownFileType = sourcecode.swift; path = ViewController.swift; sourceTree = "<group>"; };
		1FA836D31CA2B4260064A7A5 /* Base */ = {isa = PBXFileReference; lastKnownFileType = file.storyboard; name = Base; path = Base.lproj/Main.storyboard; sourceTree = "<group>"; };
		1FA836D51CA2B4260064A7A5 /* Assets.xcassets */ = {isa = PBXFileReference; lastKnownFileType = folder.assetcatalog; path = Assets.xcassets; sourceTree = "<group>"; };
		1FA836D81CA2B4260064A7A5 /* Base */ = {isa = PBXFileReference; lastKnownFileType = file.storyboard; name = Base; path = Base.lproj/LaunchScreen.storyboard; sourceTree = "<group>"; };
		1FA836DA1CA2B4260064A7A5 /* Info.plist */ = {isa = PBXFileReference; lastKnownFileType = text.plist.xml; path = Info.plist; sourceTree = "<group>"; };
		1FA836DF1CA2B4260064A7A5 /* Follow MeTests.xctest */ = {isa = PBXFileReference; explicitFileType = wrapper.cfbundle; includeInIndex = 0; path = "Follow MeTests.xctest"; sourceTree = BUILT_PRODUCTS_DIR; };
		1FA836E31CA2B4260064A7A5 /* Follow_MeTests.swift */ = {isa = PBXFileReference; lastKnownFileType = sourcecode.swift; path = Follow_MeTests.swift; sourceTree = "<group>"; };
		1FA836E51CA2B4260064A7A5 /* Info.plist */ = {isa = PBXFileReference; lastKnownFileType = text.plist.xml; path = Info.plist; sourceTree = "<group>"; };
		1FA836EA1CA2B4260064A7A5 /* Follow MeUITests.xctest */ = {isa = PBXFileReference; explicitFileType = wrapper.cfbundle; includeInIndex = 0; path = "Follow MeUITests.xctest"; sourceTree = BUILT_PRODUCTS_DIR; };
		1FA836EE1CA2B4260064A7A5 /* Follow_MeUITests.swift */ = {isa = PBXFileReference; lastKnownFileType = sourcecode.swift; path = Follow_MeUITests.swift; sourceTree = "<group>"; };
		1FA836F01CA2B4260064A7A5 /* Info.plist */ = {isa = PBXFileReference; lastKnownFileType = text.plist.xml; path = Info.plist; sourceTree = "<group>"; };
/* End PBXFileReference section */

/* Begin PBXFrameworksBuildPhase section */
		1FA836C81CA2B4260064A7A5 /* Frameworks */ = {
			isa = PBXFrameworksBuildPhase;
			buildActionMask = 2147483647;
			files = (
			);
			runOnlyForDeploymentPostprocessing = 0;
		};
		1FA836DC1CA2B4260064A7A5 /* Frameworks */ = {
			isa = PBXFrameworksBuildPhase;
			buildActionMask = 2147483647;
			files = (
			);
			runOnlyForDeploymentPostprocessing = 0;
		};
		1FA836E71CA2B4260064A7A5 /* Frameworks */ = {
			isa = PBXFrameworksBuildPhase;
			buildActionMask = 2147483647;
			files = (
			);
			runOnlyForDeploymentPostprocessing = 0;
		};
/* End PBXFrameworksBuildPhase section */

/* Begin PBXGroup section */
		1FA836C21CA2B4260064A7A5 = {
			isa = PBXGroup;
			children = (
				1FA836CD1CA2B4260064A7A5 /* Follow Me */,
				1FA836E21CA2B4260064A7A5 /* Follow MeTests */,
				1FA836ED1CA2B4260064A7A5 /* Follow MeUITests */,
				1FA836CC1CA2B4260064A7A5 /* Products */,
			);
			sourceTree = "<group>";
		};
		1FA836CC1CA2B4260064A7A5 /* Products */ = {
			isa = PBXGroup;
			children = (
				1FA836CB1CA2B4260064A7A5 /* Follow Me.app */,
				1FA836DF1CA2B4260064A7A5 /* Follow MeTests.xctest */,
				1FA836EA1CA2B4260064A7A5 /* Follow MeUITests.xctest */,
			);
			name = Products;
			sourceTree = "<group>";
		};
		1FA836CD1CA2B4260064A7A5 /* Follow Me */ = {
			isa = PBXGroup;
			children = (
				1FA836CE1CA2B4260064A7A5 /* AppDelegate.swift */,
				1FA836D01CA2B4260064A7A5 /* ViewController.swift */,
				1FA836D21CA2B4260064A7A5 /* Main.storyboard */,
				1FA836D51CA2B4260064A7A5 /* Assets.xcassets */,
				1FA836D71CA2B4260064A7A5 /* LaunchScreen.storyboard */,
				1FA836DA1CA2B4260064A7A5 /* Info.plist */,
			);
			path = "Follow Me";
			sourceTree = "<group>";
		};
		1FA836E21CA2B4260064A7A5 /* Follow MeTests */ = {
			isa = PBXGroup;
			children = (
				1FA836E31CA2B4260064A7A5 /* Follow_MeTests.swift */,
				1FA836E51CA2B4260064A7A5 /* Info.plist */,
			);
			path = "Follow MeTests";
			sourceTree = "<group>";
		};
		1FA836ED1CA2B4260064A7A5 /* Follow MeUITests */ = {
			isa = PBXGroup;
			children = (
				1FA836EE1CA2B4260064A7A5 /* Follow_MeUITests.swift */,
				1FA836F01CA2B4260064A7A5 /* Info.plist */,
			);
			path = "Follow MeUITests";
			sourceTree = "<group>";
		};
/* End PBXGroup section */

/* Begin PBXNativeTarget section */
		1FA836CA1CA2B4260064A7A5 /* Follow Me */ = {
			isa = PBXNativeTarget;
			buildConfigurationList = 1FA836F31CA2B4270064A7A5 /* Build configuration list for PBXNativeTarget "Follow Me" */;
			buildPhases = (
				1FA836C71CA2B4260064A7A5 /* Sources */,
				1FA836C81CA2B4260064A7A5 /* Frameworks */,
				1FA836C91CA2B4260064A7A5 /* Resources */,
			);
			buildRules = (
			);
			dependencies = (
			);
			name = "Follow Me";
			productName = "Follow Me";
			productReference = 1FA836CB1CA2B4260064A7A5 /* Follow Me.app */;
			productType = "com.apple.product-type.application";
		};
		1FA836DE1CA2B4260064A7A5 /* Follow MeTests */ = {
			isa = PBXNativeTarget;
			buildConfigurationList = 1FA836F61CA2B4270064A7A5 /* Build configuration list for PBXNativeTarget "Follow MeTests" */;
			buildPhases = (
				1FA836DB1CA2B4260064A7A5 /* Sources */,
				1FA836DC1CA2B4260064A7A5 /* Frameworks */,
				1FA836DD1CA2B4260064A7A5 /* Resources */,
			);
			buildRules = (
			);
			dependencies = (
				1FA836E11CA2B4260064A7A5 /* PBXTargetDependency */,
			);
			name = "Follow MeTests";
			productName = "Follow MeTests";
			productReference = 1FA836DF1CA2B4260064A7A5 /* Follow MeTests.xctest */;
			productType = "com.apple.product-type.bundle.unit-test";
		};
		1FA836E91CA2B4260064A7A5 /* Follow MeUITests */ = {
			isa = PBXNativeTarget;
			buildConfigurationList = 1FA836F91CA2B4270064A7A5 /* Build configuration list for PBXNativeTarget "Follow MeUITests" */;
			buildPhases = (
				1FA836E61CA2B4260064A7A5 /* Sources */,
				1FA836E71CA2B4260064A7A5 /* Frameworks */,
				1FA836E81CA2B4260064A7A5 /* Resources */,
			);
			buildRules = (
			);
			dependencies = (
				1FA836EC1CA2B4260064A7A5 /* PBXTargetDependency */,
			);
			name = "Follow MeUITests";
			productName = "Follow MeUITests";
			productReference = 1FA836EA1CA2B4260064A7A5 /* Follow MeUITests.xctest */;
			productType = "com.apple.product-type.bundle.ui-testing";
		};
/* End PBXNativeTarget section */

/* Begin PBXProject section */
		1FA836C31CA2B4260064A7A5 /* Project object */ = {
			isa = PBXProject;
			attributes = {
				KnownAssetTags = (
					1,
					2,
					3,
					4,
				);
				LastSwiftUpdateCheck = 0720;
				LastUpgradeCheck = 0720;
				ORGANIZATIONNAME = "张皓";
				TargetAttributes = {
					1FA836CA1CA2B4260064A7A5 = {
						CreatedOnToolsVersion = 7.2;
						DevelopmentTeam = 3ABF6JEP26;
					};
					1FA836DE1CA2B4260064A7A5 = {
						CreatedOnToolsVersion = 7.2;
						DevelopmentTeam = 3ABF6JEP26;
						TestTargetID = 1FA836CA1CA2B4260064A7A5;
					};
					1FA836E91CA2B4260064A7A5 = {
						CreatedOnToolsVersion = 7.2;
						DevelopmentTeam = 3ABF6JEP26;
						TestTargetID = 1FA836CA1CA2B4260064A7A5;
					};
				};
			};
			buildConfigurationList = 1FA836C61CA2B4260064A7A5 /* Build configuration list for PBXProject "Follow Me" */;
			compatibilityVersion = "Xcode 3.2";
			developmentRegion = English;
			hasScannedForEncodings = 0;
			knownRegions = (
				en,
				Base,
			);
			mainGroup = 1FA836C21CA2B4260064A7A5;
			productRefGroup = 1FA836CC1CA2B4260064A7A5 /* Products */;
			projectDirPath = "";
			projectRoot = "";
			targets = (
				1FA836CA1CA2B4260064A7A5 /* Follow Me */,
				1FA836DE1CA2B4260064A7A5 /* Follow MeTests */,
				1FA836E91CA2B4260064A7A5 /* Follow MeUITests */,
			);
		};
/* End PBXProject section */

/* Begin PBXResourcesBuildPhase section */
		1FA836C91CA2B4260064A7A5 /* Resources */ = {
			isa = PBXResourcesBuildPhase;
			buildActionMask = 2147483647;
			files = (
				1FA836D91CA2B4260064A7A5 /* LaunchScreen.storyboard in Resources */,
				1FA836D61CA2B4260064A7A5 /* Assets.xcassets in Resources */,
				1FA836D41CA2B4260064A7A5 /* Main.storyboard in Resources */,
			);
			runOnlyForDeploymentPostprocessing = 0;
		};
		1FA836DD1CA2B4260064A7A5 /* Resources */ = {
			isa = PBXResourcesBuildPhase;
			buildActionMask = 2147483647;
			files = (
			);
			runOnlyForDeploymentPostprocessing = 0;
		};
		1FA836E81CA2B4260064A7A5 /* Resources */ = {
			isa = PBXResourcesBuildPhase;
			buildActionMask = 2147483647;
			files = (
			);
			runOnlyForDeploymentPostprocessing = 0;
		};
/* End PBXResourcesBuildPhase section */

/* Begin PBXSourcesBuildPhase section */
		1FA836C71CA2B4260064A7A5 /* Sources */ = {
			isa = PBXSourcesBuildPhase;
			buildActionMask = 2147483647;
			files = (
				1FA836D11CA2B4260064A7A5 /* ViewController.swift in Sources */,
				1FA836CF1CA2B4260064A7A5 /* AppDelegate.swift in Sources */,
			);
			runOnlyForDeploymentPostprocessing = 0;
		};
		1FA836DB1CA2B4260064A7A5 /* Sources */ = {
			isa = PBXSourcesBuildPhase;
			buildActionMask = 2147483647;
			files = (
				1FA836E41CA2B4260064A7A5 /* Follow_MeTests.swift in Sources */,
			);
			runOnlyForDeploymentPostprocessing = 0;
		};
		1FA836E61CA2B4260064A7A5 /* Sources */ = {
			isa = PBXSourcesBuildPhase;
			buildActionMask = 2147483647;
			files = (
				1FA836EF1CA2B4260064A7A5 /* Follow_MeUITests.swift in Sources */,
			);
			runOnlyForDeploymentPostprocessing = 0;
		};
/* End PBXSourcesBuildPhase section */

/* Begin PBXTargetDependency section */
		1FA836E11CA2B4260064A7A5 /* PBXTargetDependency */ = {
			isa = PBXTargetDependency;
			target = 1FA836CA1CA2B4260064A7A5 /* Follow Me */;
			targetProxy = 1FA836E01CA2B4260064A7A5 /* PBXContainerItemProxy */;
		};
		1FA836EC1CA2B4260064A7A5 /* PBXTargetDependency */ = {
			isa = PBXTargetDependency;
			target = 1FA836CA1CA2B4260064A7A5 /* Follow Me */;
			targetProxy = 1FA836EB1CA2B4260064A7A5 /* PBXContainerItemProxy */;
		};
/* End PBXTargetDependency section */

/* Begin PBXVariantGroup section */
		1FA836D21CA2B4260064A7A5 /* Main.storyboard */ = {
			isa = PBXVariantGroup;
			children = (
				1FA836D31CA2B4260064A7A5 /* Base */,
			);
			name = Main.storyboard;
			sourceTree = "<group>";
		};
		1FA836D71CA2B4260064A7A5 /* LaunchScreen.storyboard */ = {
			isa = PBXVariantGroup;
			children = (
				1FA836D81CA2B4260064A7A5 /* Base */,
			);
			name = LaunchScreen.storyboard;
			sourceTree = "<group>";
		};
/* End PBXVariantGroup section */

/* Begin XCBuildConfiguration section */
		1FA836F11CA2B4270064A7A5 /* Debug */ = {
			isa = XCBuildConfiguration;
			buildSettings = {
				ALWAYS_SEARCH_USER_PATHS = NO;
				CLANG_CXX_LANGUAGE_STANDARD = "gnu++0x";
				CLANG_CXX_LIBRARY = "libc++";
				CLANG_ENABLE_MODULES = YES;
				CLANG_ENABLE_OBJC_ARC = YES;
				CLANG_WARN_BOOL_CONVERSION = YES;
				CLANG_WARN_CONSTANT_CONVERSION = YES;
				CLANG_WARN_DIRECT_OBJC_ISA_USAGE = YES_ERROR;
				CLANG_WARN_EMPTY_BODY = YES;
				CLANG_WARN_ENUM_CONVERSION = YES;
				CLANG_WARN_INT_CONVERSION = YES;
				CLANG_WARN_OBJC_ROOT_CLASS = YES_ERROR;
				CLANG_WARN_UNREACHABLE_CODE = YES;
				CLANG_WARN__DUPLICATE_METHOD_MATCH = YES;
				"CODE_SIGN_IDENTITY[sdk=iphoneos*]" = "iPhone Developer";
				COPY_PHASE_STRIP = NO;
				DEBUG_INFORMATION_FORMAT = dwarf;
				ENABLE_STRICT_OBJC_MSGSEND = YES;
				ENABLE_TESTABILITY = YES;
				GCC_C_LANGUAGE_STANDARD = gnu99;
				GCC_DYNAMIC_NO_PIC = NO;
				GCC_NO_COMMON_BLOCKS = YES;
				GCC_OPTIMIZATION_LEVEL = 0;
				GCC_PREPROCESSOR_DEFINITIONS = (
					"DEBUG=1",
					"$(inherited)",
				);
				GCC_WARN_64_TO_32_BIT_CONVERSION = YES;
				GCC_WARN_ABOUT_RETURN_TYPE = YES_ERROR;
				GCC_WARN_UNDECLARED_SELECTOR = YES;
				GCC_WARN_UNINITIALIZED_AUTOS = YES_AGGRESSIVE;
				GCC_WARN_UNUSED_FUNCTION = YES;
				GCC_WARN_UNUSED_VARIABLE = YES;
				IPHONEOS_DEPLOYMENT_TARGET = 9.2;
				MTL_ENABLE_DEBUG_INFO = YES;
				ONLY_ACTIVE_ARCH = YES;
				SDKROOT = iphoneos;
				SWIFT_OPTIMIZATION_LEVEL = "-Onone";
			};
			name = Debug;
		};
		1FA836F21CA2B4270064A7A5 /* Release */ = {
			isa = XCBuildConfiguration;
			buildSettings = {
				ALWAYS_SEARCH_USER_PATHS = NO;
				CLANG_CXX_LANGUAGE_STANDARD = "gnu++0x";
				CLANG_CXX_LIBRARY = "libc++";
				CLANG_ENABLE_MODULES = YES;
				CLANG_ENABLE_OBJC_ARC = YES;
				CLANG_WARN_BOOL_CONVERSION = YES;
				CLANG_WARN_CONSTANT_CONVERSION = YES;
				CLANG_WARN_DIRECT_OBJC_ISA_USAGE = YES_ERROR;
				CLANG_WARN_EMPTY_BODY = YES;
				CLANG_WARN_ENUM_CONVERSION = YES;
				CLANG_WARN_INT_CONVERSION = YES;
				CLANG_WARN_OBJC_ROOT_CLASS = YES_ERROR;
				CLANG_WARN_UNREACHABLE_CODE = YES;
				CLANG_WARN__DUPLICATE_METHOD_MATCH = YES;
				"CODE_SIGN_IDENTITY[sdk=iphoneos*]" = "iPhone Developer";
				COPY_PHASE_STRIP = NO;
				DEBUG_INFORMATION_FORMAT = "dwarf-with-dsym";
				ENABLE_NS_ASSERTIONS = NO;
				ENABLE_STRICT_OBJC_MSGSEND = YES;
				GCC_C_LANGUAGE_STANDARD = gnu99;
				GCC_NO_COMMON_BLOCKS = YES;
				GCC_WARN_64_TO_32_BIT_CONVERSION = YES;
				GCC_WARN_ABOUT_RETURN_TYPE = YES_ERROR;
				GCC_WARN_UNDECLARED_SELECTOR = YES;
				GCC_WARN_UNINITIALIZED_AUTOS = YES_AGGRESSIVE;
				GCC_WARN_UNUSED_FUNCTION = YES;
				GCC_WARN_UNUSED_VARIABLE = YES;
				IPHONEOS_DEPLOYMENT_TARGET = 9.2;
				MTL_ENABLE_DEBUG_INFO = NO;
				SDKROOT = iphoneos;
				VALIDATE_PRODUCT = YES;
			};
			name = Release;
		};
		1FA836F41CA2B4270064A7A5 /* Debug */ = {
			isa = XCBuildConfiguration;
			buildSettings = {
				ASSETCATALOG_COMPILER_APPICON_NAME = AppIcon;
				INFOPLIST_FILE = "Follow Me/Info.plist";
				LD_RUNPATH_SEARCH_PATHS = "$(inherited) @executable_path/Frameworks";
				PRODUCT_BUNDLE_IDENTIFIER = "my.Follow-Me";
				PRODUCT_NAME = "$(TARGET_NAME)";
			};
			name = Debug;
		};
		1FA836F51CA2B4270064A7A5 /* Release */ = {
			isa = XCBuildConfiguration;
			buildSettings = {
				ASSETCATALOG_COMPILER_APPICON_NAME = AppIcon;
				INFOPLIST_FILE = "Follow Me/Info.plist";
				LD_RUNPATH_SEARCH_PATHS = "$(inherited) @executable_path/Frameworks";
				PRODUCT_BUNDLE_IDENTIFIER = "my.Follow-Me";
				PRODUCT_NAME = "$(TARGET_NAME)";
			};
			name = Release;
		};
		1FA836F71CA2B4270064A7A5 /* Debug */ = {
			isa = XCBuildConfiguration;
			buildSettings = {
				BUNDLE_LOADER = "$(TEST_HOST)";
				INFOPLIST_FILE = "Follow MeTests/Info.plist";
				LD_RUNPATH_SEARCH_PATHS = "$(inherited) @executable_path/Frameworks @loader_path/Frameworks";
				PRODUCT_BUNDLE_IDENTIFIER = "my.Follow-MeTests";
				PRODUCT_NAME = "$(TARGET_NAME)";
				TEST_HOST = "$(BUILT_PRODUCTS_DIR)/Follow Me.app/Follow Me";
			};
			name = Debug;
		};
		1FA836F81CA2B4270064A7A5 /* Release */ = {
			isa = XCBuildConfiguration;
			buildSettings = {
				BUNDLE_LOADER = "$(TEST_HOST)";
				INFOPLIST_FILE = "Follow MeTests/Info.plist";
				LD_RUNPATH_SEARCH_PATHS = "$(inherited) @executable_path/Frameworks @loader_path/Frameworks";
				PRODUCT_BUNDLE_IDENTIFIER = "my.Follow-MeTests";
				PRODUCT_NAME = "$(TARGET_NAME)";
				TEST_HOST = "$(BUILT_PRODUCTS_DIR)/Follow Me.app/Follow Me";
			};
			name = Release;
		};
		1FA836FA1CA2B4270064A7A5 /* Debug */ = {
			isa = XCBuildConfiguration;
			buildSettings = {
				INFOPLIST_FILE = "Follow MeUITests/Info.plist";
				LD_RUNPATH_SEARCH_PATHS = "$(inherited) @executable_path/Frameworks @loader_path/Frameworks";
				PRODUCT_BUNDLE_IDENTIFIER = "my.Follow-MeUITests";
				PRODUCT_NAME = "$(TARGET_NAME)";
				TEST_TARGET_NAME = "Follow Me";
				USES_XCTRUNNER = YES;
			};
			name = Debug;
		};
		1FA836FB1CA2B4270064A7A5 /* Release */ = {
			isa = XCBuildConfiguration;
			buildSettings = {
				INFOPLIST_FILE = "Follow MeUITests/Info.plist";
				LD_RUNPATH_SEARCH_PATHS = "$(inherited) @executable_path/Frameworks @loader_path/Frameworks";
				PRODUCT_BUNDLE_IDENTIFIER = "my.Follow-MeUITests";
				PRODUCT_NAME = "$(TARGET_NAME)";
				TEST_TARGET_NAME = "Follow Me";
				USES_XCTRUNNER = YES;
			};
			name = Release;
		};
/* End XCBuildConfiguration section */

/* Begin XCConfigurationList section */
		1FA836C61CA2B4260064A7A5 /* Build configuration list for PBXProject "Follow Me" */ = {
			isa = XCConfigurationList;
			buildConfigurations = (
				1FA836F11CA2B4270064A7A5 /* Debug */,
				1FA836F21CA2B4270064A7A5 /* Release */,
			);
			defaultConfigurationIsVisible = 0;
			defaultConfigurationName = Release;
		};
		1FA836F31CA2B4270064A7A5 /* Build configuration list for PBXNativeTarget "Follow Me" */ = {
			isa = XCConfigurationList;
			buildConfigurations = (
				1FA836F41CA2B4270064A7A5 /* Debug */,
				1FA836F51CA2B4270064A7A5 /* Release */,
			);
			defaultConfigurationIsVisible = 0;
			defaultConfigurationName = Release;
		};
		1FA836F61CA2B4270064A7A5 /* Build configuration list for PBXNativeTarget "Follow MeTests" */ = {
			isa = XCConfigurationList;
			buildConfigurations = (
				1FA836F71CA2B4270064A7A5 /* Debug */,
				1FA836F81CA2B4270064A7A5 /* Release */,
			);
			defaultConfigurationIsVisible = 0;
			defaultConfigurationName = Release;
		};
		1FA836F91CA2B4270064A7A5 /* Build configuration list for PBXNativeTarget "Follow MeUITests" */ = {
			isa = XCConfigurationList;
			buildConfigurations = (
				1FA836FA1CA2B4270064A7A5 /* Debug */,
				1FA836FB1CA2B4270064A7A5 /* Release */,
			);
			defaultConfigurationIsVisible = 0;
			defaultConfigurationName = Release;
		};
/* End XCConfigurationList section */
	};
	rootObject = 1FA836C31CA2B4260064A7A5 /* Project object */;
}
