// !$*UTF8*$!
{
	archiveVersion = 1;
	classes = {
	};
	objectVersion = 46;
	objects = {

/* Begin PBXBuildFile section */
		1FA200181D50358D0078CC82 /* AppDelegate.swift in Sources */ = {isa = PBXBuildFile; fileRef = 1FA200171D50358D0078CC82 /* AppDelegate.swift */; };
		1FA2001A1D50358D0078CC82 /* ViewController.swift in Sources */ = {isa = PBXBuildFile; fileRef = 1FA200191D50358D0078CC82 /* ViewController.swift */; };
		1FA2001D1D50358D0078CC82 /* Main.storyboard in Resources */ = {isa = PBXBuildFile; fileRef = 1FA2001B1D50358D0078CC82 /* Main.storyboard */; };
		1FA2001F1D50358D0078CC82 /* Assets.xcassets in Resources */ = {isa = PBXBuildFile; fileRef = 1FA2001E1D50358D0078CC82 /* Assets.xcassets */; };
		1FA200221D50358D0078CC82 /* LaunchScreen.storyboard in Resources */ = {isa = PBXBuildFile; fileRef = 1FA200201D50358D0078CC82 /* LaunchScreen.storyboard */; };
		1FA2002D1D50358D0078CC82 /* ShowTipsTests.swift in Sources */ = {isa = PBXBuildFile; fileRef = 1FA2002C1D50358D0078CC82 /* ShowTipsTests.swift */; };
		1FA200381D50358D0078CC82 /* ShowTipsUITests.swift in Sources */ = {isa = PBXBuildFile; fileRef = 1FA200371D50358D0078CC82 /* ShowTipsUITests.swift */; };
/* End PBXBuildFile section */

/* Begin PBXContainerItemProxy section */
		1FA200291D50358D0078CC82 /* PBXContainerItemProxy */ = {
			isa = PBXContainerItemProxy;
			containerPortal = 1FA2000C1D50358C0078CC82 /* Project object */;
			proxyType = 1;
			remoteGlobalIDString = 1FA200131D50358C0078CC82;
			remoteInfo = ShowTips;
		};
		1FA200341D50358D0078CC82 /* PBXContainerItemProxy */ = {
			isa = PBXContainerItemProxy;
			containerPortal = 1FA2000C1D50358C0078CC82 /* Project object */;
			proxyType = 1;
			remoteGlobalIDString = 1FA200131D50358C0078CC82;
			remoteInfo = ShowTips;
		};
/* End PBXContainerItemProxy section */

/* Begin PBXFileReference section */
		1FA200141D50358C0078CC82 /* ShowTips.app */ = {isa = PBXFileReference; explicitFileType = wrapper.application; includeInIndex = 0; path = ShowTips.app; sourceTree = BUILT_PRODUCTS_DIR; };
		1FA200171D50358D0078CC82 /* AppDelegate.swift */ = {isa = PBXFileReference; lastKnownFileType = sourcecode.swift; path = AppDelegate.swift; sourceTree = "<group>"; };
		1FA200191D50358D0078CC82 /* ViewController.swift */ = {isa = PBXFileReference; lastKnownFileType = sourcecode.swift; path = ViewController.swift; sourceTree = "<group>"; };
		1FA2001C1D50358D0078CC82 /* Base */ = {isa = PBXFileReference; lastKnownFileType = file.storyboard; name = Base; path = Base.lproj/Main.storyboard; sourceTree = "<group>"; };
		1FA2001E1D50358D0078CC82 /* Assets.xcassets */ = {isa = PBXFileReference; lastKnownFileType = folder.assetcatalog; path = Assets.xcassets; sourceTree = "<group>"; };
		1FA200211D50358D0078CC82 /* Base */ = {isa = PBXFileReference; lastKnownFileType = file.storyboard; name = Base; path = Base.lproj/LaunchScreen.storyboard; sourceTree = "<group>"; };
		1FA200231D50358D0078CC82 /* Info.plist */ = {isa = PBXFileReference; lastKnownFileType = text.plist.xml; path = Info.plist; sourceTree = "<group>"; };
		1FA200281D50358D0078CC82 /* ShowTipsTests.xctest */ = {isa = PBXFileReference; explicitFileType = wrapper.cfbundle; includeInIndex = 0; path = ShowTipsTests.xctest; sourceTree = BUILT_PRODUCTS_DIR; };
		1FA2002C1D50358D0078CC82 /* ShowTipsTests.swift */ = {isa = PBXFileReference; lastKnownFileType = sourcecode.swift; path = ShowTipsTests.swift; sourceTree = "<group>"; };
		1FA2002E1D50358D0078CC82 /* Info.plist */ = {isa = PBXFileReference; lastKnownFileType = text.plist.xml; path = Info.plist; sourceTree = "<group>"; };
		1FA200331D50358D0078CC82 /* ShowTipsUITests.xctest */ = {isa = PBXFileReference; explicitFileType = wrapper.cfbundle; includeInIndex = 0; path = ShowTipsUITests.xctest; sourceTree = BUILT_PRODUCTS_DIR; };
		1FA200371D50358D0078CC82 /* ShowTipsUITests.swift */ = {isa = PBXFileReference; lastKnownFileType = sourcecode.swift; path = ShowTipsUITests.swift; sourceTree = "<group>"; };
		1FA200391D50358D0078CC82 /* Info.plist */ = {isa = PBXFileReference; lastKnownFileType = text.plist.xml; path = Info.plist; sourceTree = "<group>"; };
/* End PBXFileReference section */

/* Begin PBXFrameworksBuildPhase section */
		1FA200111D50358C0078CC82 /* Frameworks */ = {
			isa = PBXFrameworksBuildPhase;
			buildActionMask = 2147483647;
			files = (
			);
			runOnlyForDeploymentPostprocessing = 0;
		};
		1FA200251D50358D0078CC82 /* Frameworks */ = {
			isa = PBXFrameworksBuildPhase;
			buildActionMask = 2147483647;
			files = (
			);
			runOnlyForDeploymentPostprocessing = 0;
		};
		1FA200301D50358D0078CC82 /* Frameworks */ = {
			isa = PBXFrameworksBuildPhase;
			buildActionMask = 2147483647;
			files = (
			);
			runOnlyForDeploymentPostprocessing = 0;
		};
/* End PBXFrameworksBuildPhase section */

/* Begin PBXGroup section */
		1FA2000B1D50358C0078CC82 = {
			isa = PBXGroup;
			children = (
				1FA200161D50358C0078CC82 /* ShowTips */,
				1FA2002B1D50358D0078CC82 /* ShowTipsTests */,
				1FA200361D50358D0078CC82 /* ShowTipsUITests */,
				1FA200151D50358C0078CC82 /* Products */,
			);
			sourceTree = "<group>";
		};
		1FA200151D50358C0078CC82 /* Products */ = {
			isa = PBXGroup;
			children = (
				1FA200141D50358C0078CC82 /* ShowTips.app */,
				1FA200281D50358D0078CC82 /* ShowTipsTests.xctest */,
				1FA200331D50358D0078CC82 /* ShowTipsUITests.xctest */,
			);
			name = Products;
			sourceTree = "<group>";
		};
		1FA200161D50358C0078CC82 /* ShowTips */ = {
			isa = PBXGroup;
			children = (
				1FA200171D50358D0078CC82 /* AppDelegate.swift */,
				1FA200191D50358D0078CC82 /* ViewController.swift */,
				1FA2001B1D50358D0078CC82 /* Main.storyboard */,
				1FA2001E1D50358D0078CC82 /* Assets.xcassets */,
				1FA200201D50358D0078CC82 /* LaunchScreen.storyboard */,
				1FA200231D50358D0078CC82 /* Info.plist */,
			);
			path = ShowTips;
			sourceTree = "<group>";
		};
		1FA2002B1D50358D0078CC82 /* ShowTipsTests */ = {
			isa = PBXGroup;
			children = (
				1FA2002C1D50358D0078CC82 /* ShowTipsTests.swift */,
				1FA2002E1D50358D0078CC82 /* Info.plist */,
			);
			path = ShowTipsTests;
			sourceTree = "<group>";
		};
		1FA200361D50358D0078CC82 /* ShowTipsUITests */ = {
			isa = PBXGroup;
			children = (
				1FA200371D50358D0078CC82 /* ShowTipsUITests.swift */,
				1FA200391D50358D0078CC82 /* Info.plist */,
			);
			path = ShowTipsUITests;
			sourceTree = "<group>";
		};
/* End PBXGroup section */

/* Begin PBXNativeTarget section */
		1FA200131D50358C0078CC82 /* ShowTips */ = {
			isa = PBXNativeTarget;
			buildConfigurationList = 1FA2003C1D50358D0078CC82 /* Build configuration list for PBXNativeTarget "ShowTips" */;
			buildPhases = (
				1FA200101D50358C0078CC82 /* Sources */,
				1FA200111D50358C0078CC82 /* Frameworks */,
				1FA200121D50358C0078CC82 /* Resources */,
			);
			buildRules = (
			);
			dependencies = (
			);
			name = ShowTips;
			productName = ShowTips;
			productReference = 1FA200141D50358C0078CC82 /* ShowTips.app */;
			productType = "com.apple.product-type.application";
		};
		1FA200271D50358D0078CC82 /* ShowTipsTests */ = {
			isa = PBXNativeTarget;
			buildConfigurationList = 1FA2003F1D50358D0078CC82 /* Build configuration list for PBXNativeTarget "ShowTipsTests" */;
			buildPhases = (
				1FA200241D50358D0078CC82 /* Sources */,
				1FA200251D50358D0078CC82 /* Frameworks */,
				1FA200261D50358D0078CC82 /* Resources */,
			);
			buildRules = (
			);
			dependencies = (
				1FA2002A1D50358D0078CC82 /* PBXTargetDependency */,
			);
			name = ShowTipsTests;
			productName = ShowTipsTests;
			productReference = 1FA200281D50358D0078CC82 /* ShowTipsTests.xctest */;
			productType = "com.apple.product-type.bundle.unit-test";
		};
		1FA200321D50358D0078CC82 /* ShowTipsUITests */ = {
			isa = PBXNativeTarget;
			buildConfigurationList = 1FA200421D50358D0078CC82 /* Build configuration list for PBXNativeTarget "ShowTipsUITests" */;
			buildPhases = (
				1FA2002F1D50358D0078CC82 /* Sources */,
				1FA200301D50358D0078CC82 /* Frameworks */,
				1FA200311D50358D0078CC82 /* Resources */,
			);
			buildRules = (
			);
			dependencies = (
				1FA200351D50358D0078CC82 /* PBXTargetDependency */,
			);
			name = ShowTipsUITests;
			productName = ShowTipsUITests;
			productReference = 1FA200331D50358D0078CC82 /* ShowTipsUITests.xctest */;
			productType = "com.apple.product-type.bundle.ui-testing";
		};
/* End PBXNativeTarget section */

/* Begin PBXProject section */
		1FA2000C1D50358C0078CC82 /* Project object */ = {
			isa = PBXProject;
			attributes = {
				LastSwiftUpdateCheck = 0730;
				LastUpgradeCheck = 0730;
				ORGANIZATIONNAME = "张皓";
				TargetAttributes = {
					1FA200131D50358C0078CC82 = {
						CreatedOnToolsVersion = 7.3.1;
					};
					1FA200271D50358D0078CC82 = {
						CreatedOnToolsVersion = 7.3.1;
						TestTargetID = 1FA200131D50358C0078CC82;
					};
					1FA200321D50358D0078CC82 = {
						CreatedOnToolsVersion = 7.3.1;
						TestTargetID = 1FA200131D50358C0078CC82;
					};
				};
			};
			buildConfigurationList = 1FA2000F1D50358C0078CC82 /* Build configuration list for PBXProject "ShowTips" */;
			compatibilityVersion = "Xcode 3.2";
			developmentRegion = English;
			hasScannedForEncodings = 0;
			knownRegions = (
				en,
				Base,
			);
			mainGroup = 1FA2000B1D50358C0078CC82;
			productRefGroup = 1FA200151D50358C0078CC82 /* Products */;
			projectDirPath = "";
			projectRoot = "";
			targets = (
				1FA200131D50358C0078CC82 /* ShowTips */,
				1FA200271D50358D0078CC82 /* ShowTipsTests */,
				1FA200321D50358D0078CC82 /* ShowTipsUITests */,
			);
		};
/* End PBXProject section */

/* Begin PBXResourcesBuildPhase section */
		1FA200121D50358C0078CC82 /* Resources */ = {
			isa = PBXResourcesBuildPhase;
			buildActionMask = 2147483647;
			files = (
				1FA200221D50358D0078CC82 /* LaunchScreen.storyboard in Resources */,
				1FA2001F1D50358D0078CC82 /* Assets.xcassets in Resources */,
				1FA2001D1D50358D0078CC82 /* Main.storyboard in Resources */,
			);
			runOnlyForDeploymentPostprocessing = 0;
		};
		1FA200261D50358D0078CC82 /* Resources */ = {
			isa = PBXResourcesBuildPhase;
			buildActionMask = 2147483647;
			files = (
			);
			runOnlyForDeploymentPostprocessing = 0;
		};
		1FA200311D50358D0078CC82 /* Resources */ = {
			isa = PBXResourcesBuildPhase;
			buildActionMask = 2147483647;
			files = (
			);
			runOnlyForDeploymentPostprocessing = 0;
		};
/* End PBXResourcesBuildPhase section */

/* Begin PBXSourcesBuildPhase section */
		1FA200101D50358C0078CC82 /* Sources */ = {
			isa = PBXSourcesBuildPhase;
			buildActionMask = 2147483647;
			files = (
				1FA2001A1D50358D0078CC82 /* ViewController.swift in Sources */,
				1FA200181D50358D0078CC82 /* AppDelegate.swift in Sources */,
			);
			runOnlyForDeploymentPostprocessing = 0;
		};
		1FA200241D50358D0078CC82 /* Sources */ = {
			isa = PBXSourcesBuildPhase;
			buildActionMask = 2147483647;
			files = (
				1FA2002D1D50358D0078CC82 /* ShowTipsTests.swift in Sources */,
			);
			runOnlyForDeploymentPostprocessing = 0;
		};
		1FA2002F1D50358D0078CC82 /* Sources */ = {
			isa = PBXSourcesBuildPhase;
			buildActionMask = 2147483647;
			files = (
				1FA200381D50358D0078CC82 /* ShowTipsUITests.swift in Sources */,
			);
			runOnlyForDeploymentPostprocessing = 0;
		};
/* End PBXSourcesBuildPhase section */

/* Begin PBXTargetDependency section */
		1FA2002A1D50358D0078CC82 /* PBXTargetDependency */ = {
			isa = PBXTargetDependency;
			target = 1FA200131D50358C0078CC82 /* ShowTips */;
			targetProxy = 1FA200291D50358D0078CC82 /* PBXContainerItemProxy */;
		};
		1FA200351D50358D0078CC82 /* PBXTargetDependency */ = {
			isa = PBXTargetDependency;
			target = 1FA200131D50358C0078CC82 /* ShowTips */;
			targetProxy = 1FA200341D50358D0078CC82 /* PBXContainerItemProxy */;
		};
/* End PBXTargetDependency section */

/* Begin PBXVariantGroup section */
		1FA2001B1D50358D0078CC82 /* Main.storyboard */ = {
			isa = PBXVariantGroup;
			children = (
				1FA2001C1D50358D0078CC82 /* Base */,
			);
			name = Main.storyboard;
			sourceTree = "<group>";
		};
		1FA200201D50358D0078CC82 /* LaunchScreen.storyboard */ = {
			isa = PBXVariantGroup;
			children = (
				1FA200211D50358D0078CC82 /* Base */,
			);
			name = LaunchScreen.storyboard;
			sourceTree = "<group>";
		};
/* End PBXVariantGroup section */

/* Begin XCBuildConfiguration section */
		1FA2003A1D50358D0078CC82 /* Debug */ = {
			isa = XCBuildConfiguration;
			buildSettings = {
				ALWAYS_SEARCH_USER_PATHS = NO;
				CLANG_ANALYZER_NONNULL = YES;
				CLANG_CXX_LANGUAGE_STANDARD = "gnu++0x";
				CLANG_CXX_LIBRARY = "libc++";
				CLANG_ENABLE_MODULES = YES;
				CLANG_ENABLE_OBJC_ARC = YES;
				CLANG_WARN_BOOL_CONVERSION = YES;
				CLANG_WARN_CONSTANT_CONVERSION = YES;
				CLANG_WARN_DIRECT_OBJC_ISA_USAGE = YES_ERROR;
				CLANG_WARN_EMPTY_BODY = YES;
				CLANG_WARN_ENUM_CONVERSION = YES;
				CLANG_WARN_INT_CONVERSION = YES;
				CLANG_WARN_OBJC_ROOT_CLASS = YES_ERROR;
				CLANG_WARN_UNREACHABLE_CODE = YES;
				CLANG_WARN__DUPLICATE_METHOD_MATCH = YES;
				"CODE_SIGN_IDENTITY[sdk=iphoneos*]" = "iPhone Developer";
				COPY_PHASE_STRIP = NO;
				DEBUG_INFORMATION_FORMAT = dwarf;
				ENABLE_STRICT_OBJC_MSGSEND = YES;
				ENABLE_TESTABILITY = YES;
				GCC_C_LANGUAGE_STANDARD = gnu99;
				GCC_DYNAMIC_NO_PIC = NO;
				GCC_NO_COMMON_BLOCKS = YES;
				GCC_OPTIMIZATION_LEVEL = 0;
				GCC_PREPROCESSOR_DEFINITIONS = (
					"DEBUG=1",
					"$(inherited)",
				);
				GCC_WARN_64_TO_32_BIT_CONVERSION = YES;
				GCC_WARN_ABOUT_RETURN_TYPE = YES_ERROR;
				GCC_WARN_UNDECLARED_SELECTOR = YES;
				GCC_WARN_UNINITIALIZED_AUTOS = YES_AGGRESSIVE;
				GCC_WARN_UNUSED_FUNCTION = YES;
				GCC_WARN_UNUSED_VARIABLE = YES;
				IPHONEOS_DEPLOYMENT_TARGET = 9.3;
				MTL_ENABLE_DEBUG_INFO = YES;
				ONLY_ACTIVE_ARCH = YES;
				SDKROOT = iphoneos;
				SWIFT_OPTIMIZATION_LEVEL = "-Onone";
				TARGETED_DEVICE_FAMILY = "1,2";
			};
			name = Debug;
		};
		1FA2003B1D50358D0078CC82 /* Release */ = {
			isa = XCBuildConfiguration;
			buildSettings = {
				ALWAYS_SEARCH_USER_PATHS = NO;
				CLANG_ANALYZER_NONNULL = YES;
				CLANG_CXX_LANGUAGE_STANDARD = "gnu++0x";
				CLANG_CXX_LIBRARY = "libc++";
				CLANG_ENABLE_MODULES = YES;
				CLANG_ENABLE_OBJC_ARC = YES;
				CLANG_WARN_BOOL_CONVERSION = YES;
				CLANG_WARN_CONSTANT_CONVERSION = YES;
				CLANG_WARN_DIRECT_OBJC_ISA_USAGE = YES_ERROR;
				CLANG_WARN_EMPTY_BODY = YES;
				CLANG_WARN_ENUM_CONVERSION = YES;
				CLANG_WARN_INT_CONVERSION = YES;
				CLANG_WARN_OBJC_ROOT_CLASS = YES_ERROR;
				CLANG_WARN_UNREACHABLE_CODE = YES;
				CLANG_WARN__DUPLICATE_METHOD_MATCH = YES;
				"CODE_SIGN_IDENTITY[sdk=iphoneos*]" = "iPhone Developer";
				COPY_PHASE_STRIP = NO;
				DEBUG_INFORMATION_FORMAT = "dwarf-with-dsym";
				ENABLE_NS_ASSERTIONS = NO;
				ENABLE_STRICT_OBJC_MSGSEND = YES;
				GCC_C_LANGUAGE_STANDARD = gnu99;
				GCC_NO_COMMON_BLOCKS = YES;
				GCC_WARN_64_TO_32_BIT_CONVERSION = YES;
				GCC_WARN_ABOUT_RETURN_TYPE = YES_ERROR;
				GCC_WARN_UNDECLARED_SELECTOR = YES;
				GCC_WARN_UNINITIALIZED_AUTOS = YES_AGGRESSIVE;
				GCC_WARN_UNUSED_FUNCTION = YES;
				GCC_WARN_UNUSED_VARIABLE = YES;
				IPHONEOS_DEPLOYMENT_TARGET = 9.3;
				MTL_ENABLE_DEBUG_INFO = NO;
				SDKROOT = iphoneos;
				TARGETED_DEVICE_FAMILY = "1,2";
				VALIDATE_PRODUCT = YES;
			};
			name = Release;
		};
		1FA2003D1D50358D0078CC82 /* Debug */ = {
			isa = XCBuildConfiguration;
			buildSettings = {
				ASSETCATALOG_COMPILER_APPICON_NAME = AppIcon;
				INFOPLIST_FILE = ShowTips/Info.plist;
				LD_RUNPATH_SEARCH_PATHS = "$(inherited) @executable_path/Frameworks";
				PRODUCT_BUNDLE_IDENTIFIER = john.ShowTips;
				PRODUCT_NAME = "$(TARGET_NAME)";
			};
			name = Debug;
		};
		1FA2003E1D50358D0078CC82 /* Release */ = {
			isa = XCBuildConfiguration;
			buildSettings = {
				ASSETCATALOG_COMPILER_APPICON_NAME = AppIcon;
				INFOPLIST_FILE = ShowTips/Info.plist;
				LD_RUNPATH_SEARCH_PATHS = "$(inherited) @executable_path/Frameworks";
				PRODUCT_BUNDLE_IDENTIFIER = john.ShowTips;
				PRODUCT_NAME = "$(TARGET_NAME)";
			};
			name = Release;
		};
		1FA200401D50358D0078CC82 /* Debug */ = {
			isa = XCBuildConfiguration;
			buildSettings = {
				BUNDLE_LOADER = "$(TEST_HOST)";
				INFOPLIST_FILE = ShowTipsTests/Info.plist;
				LD_RUNPATH_SEARCH_PATHS = "$(inherited) @executable_path/Frameworks @loader_path/Frameworks";
				PRODUCT_BUNDLE_IDENTIFIER = john.ShowTipsTests;
				PRODUCT_NAME = "$(TARGET_NAME)";
				TEST_HOST = "$(BUILT_PRODUCTS_DIR)/ShowTips.app/ShowTips";
			};
			name = Debug;
		};
		1FA200411D50358D0078CC82 /* Release */ = {
			isa = XCBuildConfiguration;
			buildSettings = {
				BUNDLE_LOADER = "$(TEST_HOST)";
				INFOPLIST_FILE = ShowTipsTests/Info.plist;
				LD_RUNPATH_SEARCH_PATHS = "$(inherited) @executable_path/Frameworks @loader_path/Frameworks";
				PRODUCT_BUNDLE_IDENTIFIER = john.ShowTipsTests;
				PRODUCT_NAME = "$(TARGET_NAME)";
				TEST_HOST = "$(BUILT_PRODUCTS_DIR)/ShowTips.app/ShowTips";
			};
			name = Release;
		};
		1FA200431D50358D0078CC82 /* Debug */ = {
			isa = XCBuildConfiguration;
			buildSettings = {
				INFOPLIST_FILE = ShowTipsUITests/Info.plist;
				LD_RUNPATH_SEARCH_PATHS = "$(inherited) @executable_path/Frameworks @loader_path/Frameworks";
				PRODUCT_BUNDLE_IDENTIFIER = john.ShowTipsUITests;
				PRODUCT_NAME = "$(TARGET_NAME)";
				TEST_TARGET_NAME = ShowTips;
			};
			name = Debug;
		};
		1FA200441D50358D0078CC82 /* Release */ = {
			isa = XCBuildConfiguration;
			buildSettings = {
				INFOPLIST_FILE = ShowTipsUITests/Info.plist;
				LD_RUNPATH_SEARCH_PATHS = "$(inherited) @executable_path/Frameworks @loader_path/Frameworks";
				PRODUCT_BUNDLE_IDENTIFIER = john.ShowTipsUITests;
				PRODUCT_NAME = "$(TARGET_NAME)";
				TEST_TARGET_NAME = ShowTips;
			};
			name = Release;
		};
/* End XCBuildConfiguration section */

/* Begin XCConfigurationList section */
		1FA2000F1D50358C0078CC82 /* Build configuration list for PBXProject "ShowTips" */ = {
			isa = XCConfigurationList;
			buildConfigurations = (
				1FA2003A1D50358D0078CC82 /* Debug */,
				1FA2003B1D50358D0078CC82 /* Release */,
			);
			defaultConfigurationIsVisible = 0;
			defaultConfigurationName = Release;
		};
		1FA2003C1D50358D0078CC82 /* Build configuration list for PBXNativeTarget "ShowTips" */ = {
			isa = XCConfigurationList;
			buildConfigurations = (
				1FA2003D1D50358D0078CC82 /* Debug */,
				1FA2003E1D50358D0078CC82 /* Release */,
			);
			defaultConfigurationIsVisible = 0;
		};
		1FA2003F1D50358D0078CC82 /* Build configuration list for PBXNativeTarget "ShowTipsTests" */ = {
			isa = XCConfigurationList;
			buildConfigurations = (
				1FA200401D50358D0078CC82 /* Debug */,
				1FA200411D50358D0078CC82 /* Release */,
			);
			defaultConfigurationIsVisible = 0;
		};
		1FA200421D50358D0078CC82 /* Build configuration list for PBXNativeTarget "ShowTipsUITests" */ = {
			isa = XCConfigurationList;
			buildConfigurations = (
				1FA200431D50358D0078CC82 /* Debug */,
				1FA200441D50358D0078CC82 /* Release */,
			);
			defaultConfigurationIsVisible = 0;
		};
/* End XCConfigurationList section */
	};
	rootObject = 1FA2000C1D50358C0078CC82 /* Project object */;
}
