// !$*UTF8*$!
{
	archiveVersion = 1;
	classes = {
	};
	objectVersion = 46;
	objects = {

/* Begin PBXBuildFile section */
		1FB6FAB71CBB93F9007BB536 /* main.m in Sources */ = {isa = PBXBuildFile; fileRef = 1FB6FAB61CBB93F9007BB536 /* main.m */; };
/* End PBXBuildFile section */

/* Begin PBXCopyFilesBuildPhase section */
		1FB6FAB11CBB93F9007BB536 /* CopyFiles */ = {
			isa = PBXCopyFilesBuildPhase;
			buildActionMask = 2147483647;
			dstPath = /usr/share/man/man1/;
			dstSubfolderSpec = 0;
			files = (
			);
			runOnlyForDeploymentPostprocessing = 1;
		};
/* End PBXCopyFilesBuildPhase section */

/* Begin PBXFileReference section */
		1FB6FAB31CBB93F9007BB536 /* cStruct */ = {isa = PBXFileReference; explicitFileType = "compiled.mach-o.executable"; includeInIndex = 0; path = cStruct; sourceTree = BUILT_PRODUCTS_DIR; };
		1FB6FAB61CBB93F9007BB536 /* main.m */ = {isa = PBXFileReference; lastKnownFileType = sourcecode.c.objc; path = main.m; sourceTree = "<group>"; };
/* End PBXFileReference section */

/* Begin PBXFrameworksBuildPhase section */
		1FB6FAB01CBB93F9007BB536 /* Frameworks */ = {
			isa = PBXFrameworksBuildPhase;
			buildActionMask = 2147483647;
			files = (
			);
			runOnlyForDeploymentPostprocessing = 0;
		};
/* End PBXFrameworksBuildPhase section */

/* Begin PBXGroup section */
		1FB6FAAA1CBB93F9007BB536 = {
			isa = PBXGroup;
			children = (
				1FB6FAB51CBB93F9007BB536 /* cStruct */,
				1FB6FAB41CBB93F9007BB536 /* Products */,
			);
			sourceTree = "<group>";
		};
		1FB6FAB41CBB93F9007BB536 /* Products */ = {
			isa = PBXGroup;
			children = (
				1FB6FAB31CBB93F9007BB536 /* cStruct */,
			);
			name = Products;
			sourceTree = "<group>";
		};
		1FB6FAB51CBB93F9007BB536 /* cStruct */ = {
			isa = PBXGroup;
			children = (
				1FB6FAB61CBB93F9007BB536 /* main.m */,
			);
			path = cStruct;
			sourceTree = "<group>";
		};
/* End PBXGroup section */

/* Begin PBXNativeTarget section */
		1FB6FAB21CBB93F9007BB536 /* cStruct */ = {
			isa = PBXNativeTarget;
			buildConfigurationList = 1FB6FABA1CBB93F9007BB536 /* Build configuration list for PBXNativeTarget "cStruct" */;
			buildPhases = (
				1FB6FAAF1CBB93F9007BB536 /* Sources */,
				1FB6FAB01CBB93F9007BB536 /* Frameworks */,
				1FB6FAB11CBB93F9007BB536 /* CopyFiles */,
			);
			buildRules = (
			);
			dependencies = (
			);
			name = cStruct;
			productName = cStruct;
			productReference = 1FB6FAB31CBB93F9007BB536 /* cStruct */;
			productType = "com.apple.product-type.tool";
		};
/* End PBXNativeTarget section */

/* Begin PBXProject section */
		1FB6FAAB1CBB93F9007BB536 /* Project object */ = {
			isa = PBXProject;
			attributes = {
				LastUpgradeCheck = 0720;
				ORGANIZATIONNAME = "张皓";
				TargetAttributes = {
					1FB6FAB21CBB93F9007BB536 = {
						CreatedOnToolsVersion = 7.2;
					};
				};
			};
			buildConfigurationList = 1FB6FAAE1CBB93F9007BB536 /* Build configuration list for PBXProject "cStruct" */;
			compatibilityVersion = "Xcode 3.2";
			developmentRegion = English;
			hasScannedForEncodings = 0;
			knownRegions = (
				en,
			);
			mainGroup = 1FB6FAAA1CBB93F9007BB536;
			productRefGroup = 1FB6FAB41CBB93F9007BB536 /* Products */;
			projectDirPath = "";
			projectRoot = "";
			targets = (
				1FB6FAB21CBB93F9007BB536 /* cStruct */,
			);
		};
/* End PBXProject section */

/* Begin PBXSourcesBuildPhase section */
		1FB6FAAF1CBB93F9007BB536 /* Sources */ = {
			isa = PBXSourcesBuildPhase;
			buildActionMask = 2147483647;
			files = (
				1FB6FAB71CBB93F9007BB536 /* main.m in Sources */,
			);
			runOnlyForDeploymentPostprocessing = 0;
		};
/* End PBXSourcesBuildPhase section */

/* Begin XCBuildConfiguration section */
		1FB6FAB81CBB93F9007BB536 /* Debug */ = {
			isa = XCBuildConfiguration;
			buildSettings = {
				ALWAYS_SEARCH_USER_PATHS = NO;
				CLANG_CXX_LANGUAGE_STANDARD = "gnu++0x";
				CLANG_CXX_LIBRARY = "libc++";
				CLANG_ENABLE_MODULES = YES;
				CLANG_ENABLE_OBJC_ARC = YES;
				CLANG_WARN_BOOL_CONVERSION = YES;
				CLANG_WARN_CONSTANT_CONVERSION = YES;
				CLANG_WARN_DIRECT_OBJC_ISA_USAGE = YES_ERROR;
				CLANG_WARN_EMPTY_BODY = YES;
				CLANG_WARN_ENUM_CONVERSION = YES;
				CLANG_WARN_INT_CONVERSION = YES;
				CLANG_WARN_OBJC_ROOT_CLASS = YES_ERROR;
				CLANG_WARN_UNREACHABLE_CODE = YES;
				CLANG_WARN__DUPLICATE_METHOD_MATCH = YES;
				CODE_SIGN_IDENTITY = "-";
				COPY_PHASE_STRIP = NO;
				DEBUG_INFORMATION_FORMAT = dwarf;
				ENABLE_STRICT_OBJC_MSGSEND = YES;
				ENABLE_TESTABILITY = YES;
				GCC_C_LANGUAGE_STANDARD = gnu99;
				GCC_DYNAMIC_NO_PIC = NO;
				GCC_NO_COMMON_BLOCKS = YES;
				GCC_OPTIMIZATION_LEVEL = 0;
				GCC_PREPROCESSOR_DEFINITIONS = (
					"DEBUG=1",
					"$(inherited)",
				);
				GCC_WARN_64_TO_32_BIT_CONVERSION = YES;
				GCC_WARN_ABOUT_RETURN_TYPE = YES_ERROR;
				GCC_WARN_UNDECLARED_SELECTOR = YES;
				GCC_WARN_UNINITIALIZED_AUTOS = YES_AGGRESSIVE;
				GCC_WARN_UNUSED_FUNCTION = YES;
				GCC_WARN_UNUSED_VARIABLE = YES;
				MACOSX_DEPLOYMENT_TARGET = 10.11;
				MTL_ENABLE_DEBUG_INFO = YES;
				ONLY_ACTIVE_ARCH = YES;
				SDKROOT = macosx;
			};
			name = Debug;
		};
		1FB6FAB91CBB93F9007BB536 /* Release */ = {
			isa = XCBuildConfiguration;
			buildSettings = {
				ALWAYS_SEARCH_USER_PATHS = NO;
				CLANG_CXX_LANGUAGE_STANDARD = "gnu++0x";
				CLANG_CXX_LIBRARY = "libc++";
				CLANG_ENABLE_MODULES = YES;
				CLANG_ENABLE_OBJC_ARC = YES;
				CLANG_WARN_BOOL_CONVERSION = YES;
				CLANG_WARN_CONSTANT_CONVERSION = YES;
				CLANG_WARN_DIRECT_OBJC_ISA_USAGE = YES_ERROR;
				CLANG_WARN_EMPTY_BODY = YES;
				CLANG_WARN_ENUM_CONVERSION = YES;
				CLANG_WARN_INT_CONVERSION = YES;
				CLANG_WARN_OBJC_ROOT_CLASS = YES_ERROR;
				CLANG_WARN_UNREACHABLE_CODE = YES;
				CLANG_WARN__DUPLICATE_METHOD_MATCH = YES;
				CODE_SIGN_IDENTITY = "-";
				COPY_PHASE_STRIP = NO;
				DEBUG_INFORMATION_FORMAT = "dwarf-with-dsym";
				ENABLE_NS_ASSERTIONS = NO;
				ENABLE_STRICT_OBJC_MSGSEND = YES;
				GCC_C_LANGUAGE_STANDARD = gnu99;
				GCC_NO_COMMON_BLOCKS = YES;
				GCC_WARN_64_TO_32_BIT_CONVERSION = YES;
				GCC_WARN_ABOUT_RETURN_TYPE = YES_ERROR;
				GCC_WARN_UNDECLARED_SELECTOR = YES;
				GCC_WARN_UNINITIALIZED_AUTOS = YES_AGGRESSIVE;
				GCC_WARN_UNUSED_FUNCTION = YES;
				GCC_WARN_UNUSED_VARIABLE = YES;
				MACOSX_DEPLOYMENT_TARGET = 10.11;
				MTL_ENABLE_DEBUG_INFO = NO;
				SDKROOT = macosx;
			};
			name = Release;
		};
		1FB6FABB1CBB93F9007BB536 /* Debug */ = {
			isa = XCBuildConfiguration;
			buildSettings = {
				PRODUCT_NAME = "$(TARGET_NAME)";
			};
			name = Debug;
		};
		1FB6FABC1CBB93F9007BB536 /* Release */ = {
			isa = XCBuildConfiguration;
			buildSettings = {
				PRODUCT_NAME = "$(TARGET_NAME)";
			};
			name = Release;
		};
/* End XCBuildConfiguration section */

/* Begin XCConfigurationList section */
		1FB6FAAE1CBB93F9007BB536 /* Build configuration list for PBXProject "cStruct" */ = {
			isa = XCConfigurationList;
			buildConfigurations = (
				1FB6FAB81CBB93F9007BB536 /* Debug */,
				1FB6FAB91CBB93F9007BB536 /* Release */,
			);
			defaultConfigurationIsVisible = 0;
			defaultConfigurationName = Release;
		};
		1FB6FABA1CBB93F9007BB536 /* Build configuration list for PBXNativeTarget "cStruct" */ = {
			isa = XCConfigurationList;
			buildConfigurations = (
				1FB6FABB1CBB93F9007BB536 /* Debug */,
				1FB6FABC1CBB93F9007BB536 /* Release */,
			);
			defaultConfigurationIsVisible = 0;
		};
/* End XCConfigurationList section */
	};
	rootObject = 1FB6FAAB1CBB93F9007BB536 /* Project object */;
}
