// !$*UTF8*$!
{
	archiveVersion = 1;
	classes = {
	};
	objectVersion = 46;
	objects = {

/* Begin PBXBuildFile section */
		1F9463561CC75393007056F1 /* main.m in Sources */ = {isa = PBXBuildFile; fileRef = 1F9463551CC75393007056F1 /* main.m */; };
		1F9463591CC75393007056F1 /* AppDelegate.m in Sources */ = {isa = PBXBuildFile; fileRef = 1F9463581CC75393007056F1 /* AppDelegate.m */; };
		1F94635C1CC75393007056F1 /* ViewController.m in Sources */ = {isa = PBXBuildFile; fileRef = 1F94635B1CC75393007056F1 /* ViewController.m */; };
		1F94635F1CC75393007056F1 /* Main.storyboard in Resources */ = {isa = PBXBuildFile; fileRef = 1F94635D1CC75393007056F1 /* Main.storyboard */; };
		1F9463611CC75393007056F1 /* Assets.xcassets in Resources */ = {isa = PBXBuildFile; fileRef = 1F9463601CC75393007056F1 /* Assets.xcassets */; };
		1F9463641CC75393007056F1 /* LaunchScreen.storyboard in Resources */ = {isa = PBXBuildFile; fileRef = 1F9463621CC75393007056F1 /* LaunchScreen.storyboard */; };
		1F94636F1CC75394007056F1 /* calculateTests.m in Sources */ = {isa = PBXBuildFile; fileRef = 1F94636E1CC75394007056F1 /* calculateTests.m */; };
		1F94637A1CC75394007056F1 /* calculateUITests.m in Sources */ = {isa = PBXBuildFile; fileRef = 1F9463791CC75394007056F1 /* calculateUITests.m */; };
/* End PBXBuildFile section */

/* Begin PBXContainerItemProxy section */
		1F94636B1CC75394007056F1 /* PBXContainerItemProxy */ = {
			isa = PBXContainerItemProxy;
			containerPortal = 1F9463491CC75393007056F1 /* Project object */;
			proxyType = 1;
			remoteGlobalIDString = 1F9463501CC75393007056F1;
			remoteInfo = calculate;
		};
		1F9463761CC75394007056F1 /* PBXContainerItemProxy */ = {
			isa = PBXContainerItemProxy;
			containerPortal = 1F9463491CC75393007056F1 /* Project object */;
			proxyType = 1;
			remoteGlobalIDString = 1F9463501CC75393007056F1;
			remoteInfo = calculate;
		};
/* End PBXContainerItemProxy section */

/* Begin PBXFileReference section */
		1F9463511CC75393007056F1 /* calculate.app */ = {isa = PBXFileReference; explicitFileType = wrapper.application; includeInIndex = 0; path = calculate.app; sourceTree = BUILT_PRODUCTS_DIR; };
		1F9463551CC75393007056F1 /* main.m */ = {isa = PBXFileReference; lastKnownFileType = sourcecode.c.objc; path = main.m; sourceTree = "<group>"; };
		1F9463571CC75393007056F1 /* AppDelegate.h */ = {isa = PBXFileReference; lastKnownFileType = sourcecode.c.h; path = AppDelegate.h; sourceTree = "<group>"; };
		1F9463581CC75393007056F1 /* AppDelegate.m */ = {isa = PBXFileReference; lastKnownFileType = sourcecode.c.objc; path = AppDelegate.m; sourceTree = "<group>"; };
		1F94635A1CC75393007056F1 /* ViewController.h */ = {isa = PBXFileReference; lastKnownFileType = sourcecode.c.h; path = ViewController.h; sourceTree = "<group>"; };
		1F94635B1CC75393007056F1 /* ViewController.m */ = {isa = PBXFileReference; lastKnownFileType = sourcecode.c.objc; path = ViewController.m; sourceTree = "<group>"; };
		1F94635E1CC75393007056F1 /* Base */ = {isa = PBXFileReference; lastKnownFileType = file.storyboard; name = Base; path = Base.lproj/Main.storyboard; sourceTree = "<group>"; };
		1F9463601CC75393007056F1 /* Assets.xcassets */ = {isa = PBXFileReference; lastKnownFileType = folder.assetcatalog; path = Assets.xcassets; sourceTree = "<group>"; };
		1F9463631CC75393007056F1 /* Base */ = {isa = PBXFileReference; lastKnownFileType = file.storyboard; name = Base; path = Base.lproj/LaunchScreen.storyboard; sourceTree = "<group>"; };
		1F9463651CC75393007056F1 /* Info.plist */ = {isa = PBXFileReference; lastKnownFileType = text.plist.xml; path = Info.plist; sourceTree = "<group>"; };
		1F94636A1CC75394007056F1 /* calculateTests.xctest */ = {isa = PBXFileReference; explicitFileType = wrapper.cfbundle; includeInIndex = 0; path = calculateTests.xctest; sourceTree = BUILT_PRODUCTS_DIR; };
		1F94636E1CC75394007056F1 /* calculateTests.m */ = {isa = PBXFileReference; lastKnownFileType = sourcecode.c.objc; path = calculateTests.m; sourceTree = "<group>"; };
		1F9463701CC75394007056F1 /* Info.plist */ = {isa = PBXFileReference; lastKnownFileType = text.plist.xml; path = Info.plist; sourceTree = "<group>"; };
		1F9463751CC75394007056F1 /* calculateUITests.xctest */ = {isa = PBXFileReference; explicitFileType = wrapper.cfbundle; includeInIndex = 0; path = calculateUITests.xctest; sourceTree = BUILT_PRODUCTS_DIR; };
		1F9463791CC75394007056F1 /* calculateUITests.m */ = {isa = PBXFileReference; lastKnownFileType = sourcecode.c.objc; path = calculateUITests.m; sourceTree = "<group>"; };
		1F94637B1CC75394007056F1 /* Info.plist */ = {isa = PBXFileReference; lastKnownFileType = text.plist.xml; path = Info.plist; sourceTree = "<group>"; };
/* End PBXFileReference section */

/* Begin PBXFrameworksBuildPhase section */
		1F94634E1CC75393007056F1 /* Frameworks */ = {
			isa = PBXFrameworksBuildPhase;
			buildActionMask = 2147483647;
			files = (
			);
			runOnlyForDeploymentPostprocessing = 0;
		};
		1F9463671CC75394007056F1 /* Frameworks */ = {
			isa = PBXFrameworksBuildPhase;
			buildActionMask = 2147483647;
			files = (
			);
			runOnlyForDeploymentPostprocessing = 0;
		};
		1F9463721CC75394007056F1 /* Frameworks */ = {
			isa = PBXFrameworksBuildPhase;
			buildActionMask = 2147483647;
			files = (
			);
			runOnlyForDeploymentPostprocessing = 0;
		};
/* End PBXFrameworksBuildPhase section */

/* Begin PBXGroup section */
		1F9463481CC75393007056F1 = {
			isa = PBXGroup;
			children = (
				1F9463531CC75393007056F1 /* calculate */,
				1F94636D1CC75394007056F1 /* calculateTests */,
				1F9463781CC75394007056F1 /* calculateUITests */,
				1F9463521CC75393007056F1 /* Products */,
			);
			sourceTree = "<group>";
		};
		1F9463521CC75393007056F1 /* Products */ = {
			isa = PBXGroup;
			children = (
				1F9463511CC75393007056F1 /* calculate.app */,
				1F94636A1CC75394007056F1 /* calculateTests.xctest */,
				1F9463751CC75394007056F1 /* calculateUITests.xctest */,
			);
			name = Products;
			sourceTree = "<group>";
		};
		1F9463531CC75393007056F1 /* calculate */ = {
			isa = PBXGroup;
			children = (
				1F9463571CC75393007056F1 /* AppDelegate.h */,
				1F9463581CC75393007056F1 /* AppDelegate.m */,
				1F94635A1CC75393007056F1 /* ViewController.h */,
				1F94635B1CC75393007056F1 /* ViewController.m */,
				1F94635D1CC75393007056F1 /* Main.storyboard */,
				1F9463601CC75393007056F1 /* Assets.xcassets */,
				1F9463621CC75393007056F1 /* LaunchScreen.storyboard */,
				1F9463651CC75393007056F1 /* Info.plist */,
				1F9463541CC75393007056F1 /* Supporting Files */,
			);
			path = calculate;
			sourceTree = "<group>";
		};
		1F9463541CC75393007056F1 /* Supporting Files */ = {
			isa = PBXGroup;
			children = (
				1F9463551CC75393007056F1 /* main.m */,
			);
			name = "Supporting Files";
			sourceTree = "<group>";
		};
		1F94636D1CC75394007056F1 /* calculateTests */ = {
			isa = PBXGroup;
			children = (
				1F94636E1CC75394007056F1 /* calculateTests.m */,
				1F9463701CC75394007056F1 /* Info.plist */,
			);
			path = calculateTests;
			sourceTree = "<group>";
		};
		1F9463781CC75394007056F1 /* calculateUITests */ = {
			isa = PBXGroup;
			children = (
				1F9463791CC75394007056F1 /* calculateUITests.m */,
				1F94637B1CC75394007056F1 /* Info.plist */,
			);
			path = calculateUITests;
			sourceTree = "<group>";
		};
/* End PBXGroup section */

/* Begin PBXNativeTarget section */
		1F9463501CC75393007056F1 /* calculate */ = {
			isa = PBXNativeTarget;
			buildConfigurationList = 1F94637E1CC75394007056F1 /* Build configuration list for PBXNativeTarget "calculate" */;
			buildPhases = (
				1F94634D1CC75393007056F1 /* Sources */,
				1F94634E1CC75393007056F1 /* Frameworks */,
				1F94634F1CC75393007056F1 /* Resources */,
			);
			buildRules = (
			);
			dependencies = (
			);
			name = calculate;
			productName = calculate;
			productReference = 1F9463511CC75393007056F1 /* calculate.app */;
			productType = "com.apple.product-type.application";
		};
		1F9463691CC75394007056F1 /* calculateTests */ = {
			isa = PBXNativeTarget;
			buildConfigurationList = 1F9463811CC75394007056F1 /* Build configuration list for PBXNativeTarget "calculateTests" */;
			buildPhases = (
				1F9463661CC75394007056F1 /* Sources */,
				1F9463671CC75394007056F1 /* Frameworks */,
				1F9463681CC75394007056F1 /* Resources */,
			);
			buildRules = (
			);
			dependencies = (
				1F94636C1CC75394007056F1 /* PBXTargetDependency */,
			);
			name = calculateTests;
			productName = calculateTests;
			productReference = 1F94636A1CC75394007056F1 /* calculateTests.xctest */;
			productType = "com.apple.product-type.bundle.unit-test";
		};
		1F9463741CC75394007056F1 /* calculateUITests */ = {
			isa = PBXNativeTarget;
			buildConfigurationList = 1F9463841CC75394007056F1 /* Build configuration list for PBXNativeTarget "calculateUITests" */;
			buildPhases = (
				1F9463711CC75394007056F1 /* Sources */,
				1F9463721CC75394007056F1 /* Frameworks */,
				1F9463731CC75394007056F1 /* Resources */,
			);
			buildRules = (
			);
			dependencies = (
				1F9463771CC75394007056F1 /* PBXTargetDependency */,
			);
			name = calculateUITests;
			productName = calculateUITests;
			productReference = 1F9463751CC75394007056F1 /* calculateUITests.xctest */;
			productType = "com.apple.product-type.bundle.ui-testing";
		};
/* End PBXNativeTarget section */

/* Begin PBXProject section */
		1F9463491CC75393007056F1 /* Project object */ = {
			isa = PBXProject;
			attributes = {
				LastUpgradeCheck = 0720;
				ORGANIZATIONNAME = "张皓";
				TargetAttributes = {
					1F9463501CC75393007056F1 = {
						CreatedOnToolsVersion = 7.2;
						DevelopmentTeam = 3ABF6JEP26;
					};
					1F9463691CC75394007056F1 = {
						CreatedOnToolsVersion = 7.2;
						DevelopmentTeam = 3ABF6JEP26;
						TestTargetID = 1F9463501CC75393007056F1;
					};
					1F9463741CC75394007056F1 = {
						CreatedOnToolsVersion = 7.2;
						DevelopmentTeam = 3ABF6JEP26;
						TestTargetID = 1F9463501CC75393007056F1;
					};
				};
			};
			buildConfigurationList = 1F94634C1CC75393007056F1 /* Build configuration list for PBXProject "calculate" */;
			compatibilityVersion = "Xcode 3.2";
			developmentRegion = English;
			hasScannedForEncodings = 0;
			knownRegions = (
				en,
				Base,
			);
			mainGroup = 1F9463481CC75393007056F1;
			productRefGroup = 1F9463521CC75393007056F1 /* Products */;
			projectDirPath = "";
			projectRoot = "";
			targets = (
				1F9463501CC75393007056F1 /* calculate */,
				1F9463691CC75394007056F1 /* calculateTests */,
				1F9463741CC75394007056F1 /* calculateUITests */,
			);
		};
/* End PBXProject section */

/* Begin PBXResourcesBuildPhase section */
		1F94634F1CC75393007056F1 /* Resources */ = {
			isa = PBXResourcesBuildPhase;
			buildActionMask = 2147483647;
			files = (
				1F9463641CC75393007056F1 /* LaunchScreen.storyboard in Resources */,
				1F9463611CC75393007056F1 /* Assets.xcassets in Resources */,
				1F94635F1CC75393007056F1 /* Main.storyboard in Resources */,
			);
			runOnlyForDeploymentPostprocessing = 0;
		};
		1F9463681CC75394007056F1 /* Resources */ = {
			isa = PBXResourcesBuildPhase;
			buildActionMask = 2147483647;
			files = (
			);
			runOnlyForDeploymentPostprocessing = 0;
		};
		1F9463731CC75394007056F1 /* Resources */ = {
			isa = PBXResourcesBuildPhase;
			buildActionMask = 2147483647;
			files = (
			);
			runOnlyForDeploymentPostprocessing = 0;
		};
/* End PBXResourcesBuildPhase section */

/* Begin PBXSourcesBuildPhase section */
		1F94634D1CC75393007056F1 /* Sources */ = {
			isa = PBXSourcesBuildPhase;
			buildActionMask = 2147483647;
			files = (
				1F94635C1CC75393007056F1 /* ViewController.m in Sources */,
				1F9463591CC75393007056F1 /* AppDelegate.m in Sources */,
				1F9463561CC75393007056F1 /* main.m in Sources */,
			);
			runOnlyForDeploymentPostprocessing = 0;
		};
		1F9463661CC75394007056F1 /* Sources */ = {
			isa = PBXSourcesBuildPhase;
			buildActionMask = 2147483647;
			files = (
				1F94636F1CC75394007056F1 /* calculateTests.m in Sources */,
			);
			runOnlyForDeploymentPostprocessing = 0;
		};
		1F9463711CC75394007056F1 /* Sources */ = {
			isa = PBXSourcesBuildPhase;
			buildActionMask = 2147483647;
			files = (
				1F94637A1CC75394007056F1 /* calculateUITests.m in Sources */,
			);
			runOnlyForDeploymentPostprocessing = 0;
		};
/* End PBXSourcesBuildPhase section */

/* Begin PBXTargetDependency section */
		1F94636C1CC75394007056F1 /* PBXTargetDependency */ = {
			isa = PBXTargetDependency;
			target = 1F9463501CC75393007056F1 /* calculate */;
			targetProxy = 1F94636B1CC75394007056F1 /* PBXContainerItemProxy */;
		};
		1F9463771CC75394007056F1 /* PBXTargetDependency */ = {
			isa = PBXTargetDependency;
			target = 1F9463501CC75393007056F1 /* calculate */;
			targetProxy = 1F9463761CC75394007056F1 /* PBXContainerItemProxy */;
		};
/* End PBXTargetDependency section */

/* Begin PBXVariantGroup section */
		1F94635D1CC75393007056F1 /* Main.storyboard */ = {
			isa = PBXVariantGroup;
			children = (
				1F94635E1CC75393007056F1 /* Base */,
			);
			name = Main.storyboard;
			sourceTree = "<group>";
		};
		1F9463621CC75393007056F1 /* LaunchScreen.storyboard */ = {
			isa = PBXVariantGroup;
			children = (
				1F9463631CC75393007056F1 /* Base */,
			);
			name = LaunchScreen.storyboard;
			sourceTree = "<group>";
		};
/* End PBXVariantGroup section */

/* Begin XCBuildConfiguration section */
		1F94637C1CC75394007056F1 /* Debug */ = {
			isa = XCBuildConfiguration;
			buildSettings = {
				ALWAYS_SEARCH_USER_PATHS = NO;
				CLANG_CXX_LANGUAGE_STANDARD = "gnu++0x";
				CLANG_CXX_LIBRARY = "libc++";
				CLANG_ENABLE_MODULES = YES;
				CLANG_ENABLE_OBJC_ARC = YES;
				CLANG_WARN_BOOL_CONVERSION = YES;
				CLANG_WARN_CONSTANT_CONVERSION = YES;
				CLANG_WARN_DIRECT_OBJC_ISA_USAGE = YES_ERROR;
				CLANG_WARN_EMPTY_BODY = YES;
				CLANG_WARN_ENUM_CONVERSION = YES;
				CLANG_WARN_INT_CONVERSION = YES;
				CLANG_WARN_OBJC_ROOT_CLASS = YES_ERROR;
				CLANG_WARN_UNREACHABLE_CODE = YES;
				CLANG_WARN__DUPLICATE_METHOD_MATCH = YES;
				"CODE_SIGN_IDENTITY[sdk=iphoneos*]" = "iPhone Developer";
				COPY_PHASE_STRIP = NO;
				DEBUG_INFORMATION_FORMAT = dwarf;
				ENABLE_STRICT_OBJC_MSGSEND = YES;
				ENABLE_TESTABILITY = YES;
				GCC_C_LANGUAGE_STANDARD = gnu99;
				GCC_DYNAMIC_NO_PIC = NO;
				GCC_NO_COMMON_BLOCKS = YES;
				GCC_OPTIMIZATION_LEVEL = 0;
				GCC_PREPROCESSOR_DEFINITIONS = (
					"DEBUG=1",
					"$(inherited)",
				);
				GCC_WARN_64_TO_32_BIT_CONVERSION = YES;
				GCC_WARN_ABOUT_RETURN_TYPE = YES_ERROR;
				GCC_WARN_UNDECLARED_SELECTOR = YES;
				GCC_WARN_UNINITIALIZED_AUTOS = YES_AGGRESSIVE;
				GCC_WARN_UNUSED_FUNCTION = YES;
				GCC_WARN_UNUSED_VARIABLE = YES;
				IPHONEOS_DEPLOYMENT_TARGET = 9.2;
				MTL_ENABLE_DEBUG_INFO = YES;
				ONLY_ACTIVE_ARCH = YES;
				SDKROOT = iphoneos;
				TARGETED_DEVICE_FAMILY = "1,2";
			};
			name = Debug;
		};
		1F94637D1CC75394007056F1 /* Release */ = {
			isa = XCBuildConfiguration;
			buildSettings = {
				ALWAYS_SEARCH_USER_PATHS = NO;
				CLANG_CXX_LANGUAGE_STANDARD = "gnu++0x";
				CLANG_CXX_LIBRARY = "libc++";
				CLANG_ENABLE_MODULES = YES;
				CLANG_ENABLE_OBJC_ARC = YES;
				CLANG_WARN_BOOL_CONVERSION = YES;
				CLANG_WARN_CONSTANT_CONVERSION = YES;
				CLANG_WARN_DIRECT_OBJC_ISA_USAGE = YES_ERROR;
				CLANG_WARN_EMPTY_BODY = YES;
				CLANG_WARN_ENUM_CONVERSION = YES;
				CLANG_WARN_INT_CONVERSION = YES;
				CLANG_WARN_OBJC_ROOT_CLASS = YES_ERROR;
				CLANG_WARN_UNREACHABLE_CODE = YES;
				CLANG_WARN__DUPLICATE_METHOD_MATCH = YES;
				"CODE_SIGN_IDENTITY[sdk=iphoneos*]" = "iPhone Developer";
				COPY_PHASE_STRIP = NO;
				DEBUG_INFORMATION_FORMAT = "dwarf-with-dsym";
				ENABLE_NS_ASSERTIONS = NO;
				ENABLE_STRICT_OBJC_MSGSEND = YES;
				GCC_C_LANGUAGE_STANDARD = gnu99;
				GCC_NO_COMMON_BLOCKS = YES;
				GCC_WARN_64_TO_32_BIT_CONVERSION = YES;
				GCC_WARN_ABOUT_RETURN_TYPE = YES_ERROR;
				GCC_WARN_UNDECLARED_SELECTOR = YES;
				GCC_WARN_UNINITIALIZED_AUTOS = YES_AGGRESSIVE;
				GCC_WARN_UNUSED_FUNCTION = YES;
				GCC_WARN_UNUSED_VARIABLE = YES;
				IPHONEOS_DEPLOYMENT_TARGET = 9.2;
				MTL_ENABLE_DEBUG_INFO = NO;
				SDKROOT = iphoneos;
				TARGETED_DEVICE_FAMILY = "1,2";
				VALIDATE_PRODUCT = YES;
			};
			name = Release;
		};
		1F94637F1CC75394007056F1 /* Debug */ = {
			isa = XCBuildConfiguration;
			buildSettings = {
				ASSETCATALOG_COMPILER_APPICON_NAME = AppIcon;
				INFOPLIST_FILE = calculate/Info.plist;
				LD_RUNPATH_SEARCH_PATHS = "$(inherited) @executable_path/Frameworks";
				PRODUCT_BUNDLE_IDENTIFIER = my.calculate;
				PRODUCT_NAME = "$(TARGET_NAME)";
			};
			name = Debug;
		};
		1F9463801CC75394007056F1 /* Release */ = {
			isa = XCBuildConfiguration;
			buildSettings = {
				ASSETCATALOG_COMPILER_APPICON_NAME = AppIcon;
				INFOPLIST_FILE = calculate/Info.plist;
				LD_RUNPATH_SEARCH_PATHS = "$(inherited) @executable_path/Frameworks";
				PRODUCT_BUNDLE_IDENTIFIER = my.calculate;
				PRODUCT_NAME = "$(TARGET_NAME)";
			};
			name = Release;
		};
		1F9463821CC75394007056F1 /* Debug */ = {
			isa = XCBuildConfiguration;
			buildSettings = {
				BUNDLE_LOADER = "$(TEST_HOST)";
				INFOPLIST_FILE = calculateTests/Info.plist;
				LD_RUNPATH_SEARCH_PATHS = "$(inherited) @executable_path/Frameworks @loader_path/Frameworks";
				PRODUCT_BUNDLE_IDENTIFIER = my.calculateTests;
				PRODUCT_NAME = "$(TARGET_NAME)";
				TEST_HOST = "$(BUILT_PRODUCTS_DIR)/calculate.app/calculate";
			};
			name = Debug;
		};
		1F9463831CC75394007056F1 /* Release */ = {
			isa = XCBuildConfiguration;
			buildSettings = {
				BUNDLE_LOADER = "$(TEST_HOST)";
				INFOPLIST_FILE = calculateTests/Info.plist;
				LD_RUNPATH_SEARCH_PATHS = "$(inherited) @executable_path/Frameworks @loader_path/Frameworks";
				PRODUCT_BUNDLE_IDENTIFIER = my.calculateTests;
				PRODUCT_NAME = "$(TARGET_NAME)";
				TEST_HOST = "$(BUILT_PRODUCTS_DIR)/calculate.app/calculate";
			};
			name = Release;
		};
		1F9463851CC75394007056F1 /* Debug */ = {
			isa = XCBuildConfiguration;
			buildSettings = {
				INFOPLIST_FILE = calculateUITests/Info.plist;
				LD_RUNPATH_SEARCH_PATHS = "$(inherited) @executable_path/Frameworks @loader_path/Frameworks";
				PRODUCT_BUNDLE_IDENTIFIER = my.calculateUITests;
				PRODUCT_NAME = "$(TARGET_NAME)";
				TEST_TARGET_NAME = calculate;
				USES_XCTRUNNER = YES;
			};
			name = Debug;
		};
		1F9463861CC75394007056F1 /* Release */ = {
			isa = XCBuildConfiguration;
			buildSettings = {
				INFOPLIST_FILE = calculateUITests/Info.plist;
				LD_RUNPATH_SEARCH_PATHS = "$(inherited) @executable_path/Frameworks @loader_path/Frameworks";
				PRODUCT_BUNDLE_IDENTIFIER = my.calculateUITests;
				PRODUCT_NAME = "$(TARGET_NAME)";
				TEST_TARGET_NAME = calculate;
				USES_XCTRUNNER = YES;
			};
			name = Release;
		};
/* End XCBuildConfiguration section */

/* Begin XCConfigurationList section */
		1F94634C1CC75393007056F1 /* Build configuration list for PBXProject "calculate" */ = {
			isa = XCConfigurationList;
			buildConfigurations = (
				1F94637C1CC75394007056F1 /* Debug */,
				1F94637D1CC75394007056F1 /* Release */,
			);
			defaultConfigurationIsVisible = 0;
			defaultConfigurationName = Release;
		};
		1F94637E1CC75394007056F1 /* Build configuration list for PBXNativeTarget "calculate" */ = {
			isa = XCConfigurationList;
			buildConfigurations = (
				1F94637F1CC75394007056F1 /* Debug */,
				1F9463801CC75394007056F1 /* Release */,
			);
			defaultConfigurationIsVisible = 0;
		};
		1F9463811CC75394007056F1 /* Build configuration list for PBXNativeTarget "calculateTests" */ = {
			isa = XCConfigurationList;
			buildConfigurations = (
				1F9463821CC75394007056F1 /* Debug */,
				1F9463831CC75394007056F1 /* Release */,
			);
			defaultConfigurationIsVisible = 0;
		};
		1F9463841CC75394007056F1 /* Build configuration list for PBXNativeTarget "calculateUITests" */ = {
			isa = XCConfigurationList;
			buildConfigurations = (
				1F9463851CC75394007056F1 /* Debug */,
				1F9463861CC75394007056F1 /* Release */,
			);
			defaultConfigurationIsVisible = 0;
		};
/* End XCConfigurationList section */
	};
	rootObject = 1F9463491CC75393007056F1 /* Project object */;
}
